// !$*UTF8*$!
{
	archiveVersion = 1;
	classes = {
	};
	objectVersion = 46;
	objects = {

/* Begin PBXBuildFile section */
		6A7F6794B7FD418602C5E907 /* Pods_Concough.framework in Frameworks */ = {isa = PBXBuildFile; fileRef = B82887E22296AB852B639160 /* Pods_Concough.framework */; };
		9A8F7E2493CF3ED28767E1B0 /* Pods_Concough.framework in Frameworks */ = {isa = PBXBuildFile; fileRef = 6457DCA706C5468BE9479E6F /* Pods_Concough.framework */; };
		EB114CD61E24B2B500D833D1 /* EDPurchasedSectionTableViewCell.swift in Sources */ = {isa = PBXBuildFile; fileRef = EB114CD51E24B2B500D833D1 /* EDPurchasedSectionTableViewCell.swift */; };
		EB1AA8DB1DD332B500F0CED9 /* HomeTableViewController.swift in Sources */ = {isa = PBXBuildFile; fileRef = EB1AA8DA1DD332B500F0CED9 /* HomeTableViewController.swift */; };
		EB1AA8DE1DD386CA00F0CED9 /* EntranceActivity.swift in Sources */ = {isa = PBXBuildFile; fileRef = EB1AA8DD1DD386CA00F0CED9 /* EntranceActivity.swift */; };
		EB3127D01E229B3D00F7F0AD /* BasketEntranceTableViewCell.swift in Sources */ = {isa = PBXBuildFile; fileRef = EB3127CF1E229B3D00F7F0AD /* BasketEntranceTableViewCell.swift */; };
		EB3127D21E23F87F00F7F0AD /* EntrancePurchasedStructure.swift in Sources */ = {isa = PBXBuildFile; fileRef = EB3127D11E23F87F00F7F0AD /* EntrancePurchasedStructure.swift */; };
		EB61CF011E2501B10047B942 /* PurchasedModel.swift in Sources */ = {isa = PBXBuildFile; fileRef = EB61CF001E2501B10047B942 /* PurchasedModel.swift */; };
		EB61CF041E2507500047B942 /* Realm.framework in Frameworks */ = {isa = PBXBuildFile; fileRef = EB61CF021E2507500047B942 /* Realm.framework */; };
		EB61CF051E2507500047B942 /* Realm.framework in Embed Frameworks */ = {isa = PBXBuildFile; fileRef = EB61CF021E2507500047B942 /* Realm.framework */; settings = {ATTRIBUTES = (CodeSignOnCopy, RemoveHeadersOnCopy, ); }; };
		EB61CF061E2507500047B942 /* RealmSwift.framework in Frameworks */ = {isa = PBXBuildFile; fileRef = EB61CF031E2507500047B942 /* RealmSwift.framework */; };
		EB61CF071E2507500047B942 /* RealmSwift.framework in Embed Frameworks */ = {isa = PBXBuildFile; fileRef = EB61CF031E2507500047B942 /* RealmSwift.framework */; settings = {ATTRIBUTES = (CodeSignOnCopy, RemoveHeadersOnCopy, ); }; };
		EB61CF091E250AAF0047B942 /* EntranceModel.swift in Sources */ = {isa = PBXBuildFile; fileRef = EB61CF081E250AAF0047B942 /* EntranceModel.swift */; };
		EB61CF0B1E250E880047B942 /* RealmSingleton.swift in Sources */ = {isa = PBXBuildFile; fileRef = EB61CF0A1E250E880047B942 /* RealmSingleton.swift */; };
		EB61CF0E1E2514EA0047B942 /* PurchasedModelHandler.swift in Sources */ = {isa = PBXBuildFile; fileRef = EB61CF0D1E2514EA0047B942 /* PurchasedModelHandler.swift */; };
		EB61CF101E251C5E0047B942 /* EntranceModelHandler.swift in Sources */ = {isa = PBXBuildFile; fileRef = EB61CF0F1E251C5E0047B942 /* EntranceModelHandler.swift */; };
		EB61CF121E2551FB0047B942 /* EDDownloadedTableViewCell.swift in Sources */ = {isa = PBXBuildFile; fileRef = EB61CF111E2551FB0047B942 /* EDDownloadedTableViewCell.swift */; };
		EB61CF161E2678530047B942 /* EntranceBookletModel.swift in Sources */ = {isa = PBXBuildFile; fileRef = EB61CF151E2678530047B942 /* EntranceBookletModel.swift */; };
		EB61CF181E267B160047B942 /* EntranceLessonModel.swift in Sources */ = {isa = PBXBuildFile; fileRef = EB61CF171E267B160047B942 /* EntranceLessonModel.swift */; };
		EB61CF1A1E267D5E0047B942 /* EntranceQuestionModel.swift in Sources */ = {isa = PBXBuildFile; fileRef = EB61CF191E267D5E0047B942 /* EntranceQuestionModel.swift */; };
		EB61CF1C1E267F160047B942 /* EntranceBookletModelHandler.swift in Sources */ = {isa = PBXBuildFile; fileRef = EB61CF1B1E267F160047B942 /* EntranceBookletModelHandler.swift */; };
		EB61CF1E1E2681C90047B942 /* EntranceLessonModelHandler.swift in Sources */ = {isa = PBXBuildFile; fileRef = EB61CF1D1E2681C90047B942 /* EntranceLessonModelHandler.swift */; };
		EB61CF201E26830E0047B942 /* EntranceQuestionModelHandler.swift in Sources */ = {isa = PBXBuildFile; fileRef = EB61CF1F1E26830E0047B942 /* EntranceQuestionModelHandler.swift */; };
		EB61CF221E2686980047B942 /* EntrancePackageHandler.swift in Sources */ = {isa = PBXBuildFile; fileRef = EB61CF211E2686980047B942 /* EntrancePackageHandler.swift */; };
		EB61CF251E26983D0047B942 /* EntrancePackageDownloader.swift in Sources */ = {isa = PBXBuildFile; fileRef = EB61CF241E26983D0047B942 /* EntrancePackageDownloader.swift */; };
		EB762F541DCF99D10084CA1D /* AppDelegate.swift in Sources */ = {isa = PBXBuildFile; fileRef = EB762F531DCF99D10084CA1D /* AppDelegate.swift */; };
		EB762F591DCF99D10084CA1D /* Main.storyboard in Resources */ = {isa = PBXBuildFile; fileRef = EB762F571DCF99D10084CA1D /* Main.storyboard */; };
		EB762F5B1DCF99D10084CA1D /* Assets.xcassets in Resources */ = {isa = PBXBuildFile; fileRef = EB762F5A1DCF99D10084CA1D /* Assets.xcassets */; };
		EB762F5E1DCF99D10084CA1D /* LaunchScreen.storyboard in Resources */ = {isa = PBXBuildFile; fileRef = EB762F5C1DCF99D10084CA1D /* LaunchScreen.storyboard */; };
		EB762F671DCF9A430084CA1D /* AppSettings.plist in Resources */ = {isa = PBXBuildFile; fileRef = EB762F661DCF9A430084CA1D /* AppSettings.plist */; };
		EBA657881E07E3FE00F0DC84 /* JwtAdapter.swift in Sources */ = {isa = PBXBuildFile; fileRef = EBA657871E07E3FE00F0DC84 /* JwtAdapter.swift */; };
		EBA6578A1E08033E00F0DC84 /* NetworkStatusType.swift in Sources */ = {isa = PBXBuildFile; fileRef = EBA657891E08033E00F0DC84 /* NetworkStatusType.swift */; };
		EBA6578C1E09189200F0DC84 /* JwtHandler.swift in Sources */ = {isa = PBXBuildFile; fileRef = EBA6578B1E09189200F0DC84 /* JwtHandler.swift */; };
		EBA657901E09500E00F0DC84 /* EntranceDetailTableViewController.swift in Sources */ = {isa = PBXBuildFile; fileRef = EBA6578F1E09500E00F0DC84 /* EntranceDetailTableViewController.swift */; };
		EBA657921E09506D00F0DC84 /* EDInitialSectionTableViewCell.swift in Sources */ = {isa = PBXBuildFile; fileRef = EBA657911E09506D00F0DC84 /* EDInitialSectionTableViewCell.swift */; };
		EBA657941E095C4E00F0DC84 /* GrayPanelUI.swift in Sources */ = {isa = PBXBuildFile; fileRef = EBA657931E095C4E00F0DC84 /* GrayPanelUI.swift */; };
		EBA657981E09830F00F0DC84 /* EDHeaderSectionTableViewCell.swift in Sources */ = {isa = PBXBuildFile; fileRef = EBA657971E09830F00F0DC84 /* EDHeaderSectionTableViewCell.swift */; };
		EBA6579A1E0984F700F0DC84 /* EDInformationSectionTableViewCell.swift in Sources */ = {isa = PBXBuildFile; fileRef = EBA657991E0984F700F0DC84 /* EDInformationSectionTableViewCell.swift */; };
		EBA6579C1E0AAE5700F0DC84 /* ArchiveTableViewController.swift in Sources */ = {isa = PBXBuildFile; fileRef = EBA6579B1E0AAE5700F0DC84 /* ArchiveTableViewController.swift */; };
		EBA6579E1E0AC06500F0DC84 /* ArchiveRestAPIClass.swift in Sources */ = {isa = PBXBuildFile; fileRef = EBA6579D1E0AC06500F0DC84 /* ArchiveRestAPIClass.swift */; };
		EBA657A01E0FC1CB00F0DC84 /* ArchiveBasicTableViewCell.swift in Sources */ = {isa = PBXBuildFile; fileRef = EBA6579F1E0FC1CB00F0DC84 /* ArchiveBasicTableViewCell.swift */; };
		EBA657A21E0FC73F00F0DC84 /* ArchiveEsetStructure.swift in Sources */ = {isa = PBXBuildFile; fileRef = EBA657A11E0FC73F00F0DC84 /* ArchiveEsetStructure.swift */; };
		EBA657A41E0FE7A400F0DC84 /* ArchiveAdvanceTableViewCell.swift in Sources */ = {isa = PBXBuildFile; fileRef = EBA657A31E0FE7A400F0DC84 /* ArchiveAdvanceTableViewCell.swift */; };
		EBA657A61E111A7D00F0DC84 /* ArchiveDetailTableViewController.swift in Sources */ = {isa = PBXBuildFile; fileRef = EBA657A51E111A7D00F0DC84 /* ArchiveDetailTableViewController.swift */; };
		EBA657A81E111BAF00F0DC84 /* ArchiveEsetDetailStructure.swift in Sources */ = {isa = PBXBuildFile; fileRef = EBA657A71E111BAF00F0DC84 /* ArchiveEsetDetailStructure.swift */; };
		EBA657AA1E1133B700F0DC84 /* AEDHeaderTableViewCell.swift in Sources */ = {isa = PBXBuildFile; fileRef = EBA657A91E1133B700F0DC84 /* AEDHeaderTableViewCell.swift */; };
		EBA657AC1E11389200F0DC84 /* ArchiveEntranceStructure.swift in Sources */ = {isa = PBXBuildFile; fileRef = EBA657AB1E11389200F0DC84 /* ArchiveEntranceStructure.swift */; };
		EBA657AE1E114DF600F0DC84 /* AEDBasicTableViewCell.swift in Sources */ = {isa = PBXBuildFile; fileRef = EBA657AD1E114DF600F0DC84 /* AEDBasicTableViewCell.swift */; };
		EBA657B01E143EF300F0DC84 /* WhitePanelUI2.swift in Sources */ = {isa = PBXBuildFile; fileRef = EBA657AF1E143EF300F0DC84 /* WhitePanelUI2.swift */; };
		EBA657B21E14DA0900F0DC84 /* AEDAdvanceTableViewCell.swift in Sources */ = {isa = PBXBuildFile; fileRef = EBA657B11E14DA0900F0DC84 /* AEDAdvanceTableViewCell.swift */; };
		EBA657CD1E1A909F00F0DC84 /* EntranceRestAPIClass.swift in Sources */ = {isa = PBXBuildFile; fileRef = EBA657CC1E1A909F00F0DC84 /* EntranceRestAPIClass.swift */; };
		EBA657CF1E1B787000F0DC84 /* EntranceVCStateEnum.swift in Sources */ = {isa = PBXBuildFile; fileRef = EBA657CE1E1B787000F0DC84 /* EntranceVCStateEnum.swift */; };
		EBA657D11E1B79E000F0DC84 /* EntranceStructure.swift in Sources */ = {isa = PBXBuildFile; fileRef = EBA657D01E1B79E000F0DC84 /* EntranceStructure.swift */; };
		EBA657D31E1B96A300F0DC84 /* PurchasedRestAPIClass.swift in Sources */ = {isa = PBXBuildFile; fileRef = EBA657D21E1B96A300F0DC84 /* PurchasedRestAPIClass.swift */; };
		EBA657D51E1BA40900F0DC84 /* ProductRestAPIClass.swift in Sources */ = {isa = PBXBuildFile; fileRef = EBA657D41E1BA40900F0DC84 /* ProductRestAPIClass.swift */; };
		EBA657D71E1BB0E900F0DC84 /* EntranceStatStructure.swift in Sources */ = {isa = PBXBuildFile; fileRef = EBA657D61E1BB0E900F0DC84 /* EntranceStatStructure.swift */; };
		EBA657D91E1BB4A600F0DC84 /* EntranceSaleStructure.swift in Sources */ = {isa = PBXBuildFile; fileRef = EBA657D81E1BB4A600F0DC84 /* EntranceSaleStructure.swift */; };
		EBA657DB1E1BC2A100F0DC84 /* EDSaleSectionTableViewCell.swift in Sources */ = {isa = PBXBuildFile; fileRef = EBA657DA1E1BC2A100F0DC84 /* EDSaleSectionTableViewCell.swift */; };
		EBA657DD1E1BF31700F0DC84 /* BasketSingleton.swift in Sources */ = {isa = PBXBuildFile; fileRef = EBA657DC1E1BF31700F0DC84 /* BasketSingleton.swift */; };
		EBA657E11E1CC59700F0DC84 /* BasketRestAPIClass.swift in Sources */ = {isa = PBXBuildFile; fileRef = EBA657E01E1CC59700F0DC84 /* BasketRestAPIClass.swift */; };
		EBB68D001DE48022003792B3 /* Constants.swift in Sources */ = {isa = PBXBuildFile; fileRef = EBB68CFF1DE48022003792B3 /* Constants.swift */; };
		EBB68D051DE488D9003792B3 /* WhitePanelUI.swift in Sources */ = {isa = PBXBuildFile; fileRef = EBB68D041DE488D9003792B3 /* WhitePanelUI.swift */; };
		EBB68D101DE585E5003792B3 /* IRANSansMobile_Bold.ttf in Resources */ = {isa = PBXBuildFile; fileRef = EBB68D0B1DE585E5003792B3 /* IRANSansMobile_Bold.ttf */; };
		EBB68D111DE585E5003792B3 /* IRANSansMobile_Light.ttf in Resources */ = {isa = PBXBuildFile; fileRef = EBB68D0C1DE585E5003792B3 /* IRANSansMobile_Light.ttf */; };
		EBB68D121DE585E5003792B3 /* IRANSansMobile_Medium.ttf in Resources */ = {isa = PBXBuildFile; fileRef = EBB68D0D1DE585E5003792B3 /* IRANSansMobile_Medium.ttf */; };
		EBB68D131DE585E5003792B3 /* IRANSansMobile_UltraLight.ttf in Resources */ = {isa = PBXBuildFile; fileRef = EBB68D0E1DE585E5003792B3 /* IRANSansMobile_UltraLight.ttf */; };
		EBB68D141DE585E5003792B3 /* IRANSansMobile.ttf in Resources */ = {isa = PBXBuildFile; fileRef = EBB68D0F1DE585E5003792B3 /* IRANSansMobile.ttf */; };
		EBB68D181DE5893B003792B3 /* IRANYekanMobileBold.ttf in Resources */ = {isa = PBXBuildFile; fileRef = EBB68D151DE5893B003792B3 /* IRANYekanMobileBold.ttf */; };
		EBB68D191DE5893B003792B3 /* IRANYekanMobileLight.ttf in Resources */ = {isa = PBXBuildFile; fileRef = EBB68D161DE5893B003792B3 /* IRANYekanMobileLight.ttf */; };
		EBB68D1A1DE5893B003792B3 /* IRANYekanMobileRegular.ttf in Resources */ = {isa = PBXBuildFile; fileRef = EBB68D171DE5893B003792B3 /* IRANYekanMobileRegular.ttf */; };
		EBB68D1F1DE5D7AA003792B3 /* MediaCacheSingleton.swift in Sources */ = {isa = PBXBuildFile; fileRef = EBB68D1E1DE5D7AA003792B3 /* MediaCacheSingleton.swift */; };
		EBB68D211DE6CD01003792B3 /* UrlMakerSingleton.swift in Sources */ = {isa = PBXBuildFile; fileRef = EBB68D201DE6CD01003792B3 /* UrlMakerSingleton.swift */; };
		EBB68D241DE6D025003792B3 /* MediaRestAPIClass.swift in Sources */ = {isa = PBXBuildFile; fileRef = EBB68D231DE6D025003792B3 /* MediaRestAPIClass.swift */; };
		EBB68D261DE6DB47003792B3 /* FormatterSingleton.swift in Sources */ = {isa = PBXBuildFile; fileRef = EBB68D251DE6DB47003792B3 /* FormatterSingleton.swift */; };
		EBB68D281DE6FFCC003792B3 /* DataRestAPIClass.swift in Sources */ = {isa = PBXBuildFile; fileRef = EBB68D271DE6FFCC003792B3 /* DataRestAPIClass.swift */; };
		EBB68D2A1DE9C31E003792B3 /* TestViewController.swift in Sources */ = {isa = PBXBuildFile; fileRef = EBB68D291DE9C31E003792B3 /* TestViewController.swift */; };
		EBB68D2D1DE9DC8C003792B3 /* OAuthAdapter.swift in Sources */ = {isa = PBXBuildFile; fileRef = EBB68D2C1DE9DC8C003792B3 /* OAuthAdapter.swift */; };
		EBB68D311DEAC7B6003792B3 /* TokenHandlerSingleton.swift in Sources */ = {isa = PBXBuildFile; fileRef = EBB68D301DEAC7B6003792B3 /* TokenHandlerSingleton.swift */; };
		EBB68D341DEAD926003792B3 /* KeyChainAccessProxy.swift in Sources */ = {isa = PBXBuildFile; fileRef = EBB68D331DEAD926003792B3 /* KeyChainAccessProxy.swift */; };
		EBB68D361DEBF3F0003792B3 /* StartupViewController.swift in Sources */ = {isa = PBXBuildFile; fileRef = EBB68D351DEBF3F0003792B3 /* StartupViewController.swift */; };
		EBB68D381DEBFAA7003792B3 /* LoginViewController.swift in Sources */ = {isa = PBXBuildFile; fileRef = EBB68D371DEBFAA7003792B3 /* LoginViewController.swift */; };
		EBB68D3A1DEC1015003792B3 /* SignUpViewController.swift in Sources */ = {isa = PBXBuildFile; fileRef = EBB68D391DEC1015003792B3 /* SignUpViewController.swift */; };
		EBB68D3F1DED6018003792B3 /* HttpStatusType.swift in Sources */ = {isa = PBXBuildFile; fileRef = EBB68D3E1DED6018003792B3 /* HttpStatusType.swift */; };
		EBB68D421DF31221003792B3 /* UIExtensions.swift in Sources */ = {isa = PBXBuildFile; fileRef = EBB68D411DF31221003792B3 /* UIExtensions.swift */; };
		EBB68D441DF312F6003792B3 /* ObjectiveCHelpers.swift in Sources */ = {isa = PBXBuildFile; fileRef = EBB68D431DF312F6003792B3 /* ObjectiveCHelpers.swift */; };
		EBB68D461DF31A13003792B3 /* RequestRepositoryClass.swift in Sources */ = {isa = PBXBuildFile; fileRef = EBB68D451DF31A13003792B3 /* RequestRepositoryClass.swift */; };
		EBB68D481DF3203C003792B3 /* CriticalSectionHelpers.swift in Sources */ = {isa = PBXBuildFile; fileRef = EBB68D471DF3203C003792B3 /* CriticalSectionHelpers.swift */; };
		EBB68D4A1DF327EE003792B3 /* MediaRequestRepositorySingleton.swift in Sources */ = {isa = PBXBuildFile; fileRef = EBB68D491DF327EE003792B3 /* MediaRequestRepositorySingleton.swift */; };
		EBB68D4C1DF40C04003792B3 /* ValidatorExtensions.swift in Sources */ = {isa = PBXBuildFile; fileRef = EBB68D4B1DF40C04003792B3 /* ValidatorExtensions.swift */; };
		EBB68D4E1DF41EE7003792B3 /* AuthRestAPIClass.swift in Sources */ = {isa = PBXBuildFile; fileRef = EBB68D4D1DF41EE7003792B3 /* AuthRestAPIClass.swift */; };
		EBB68D501DF6CE02003792B3 /* SubmitSignupCodeViewController.swift in Sources */ = {isa = PBXBuildFile; fileRef = EBB68D4F1DF6CE02003792B3 /* SubmitSignupCodeViewController.swift */; };
		EBB68D521DF6E7CB003792B3 /* SignupStructure.swift in Sources */ = {isa = PBXBuildFile; fileRef = EBB68D511DF6E7CB003792B3 /* SignupStructure.swift */; };
		EBB68D561DF7EED4003792B3 /* UserDefaultsSingleton.swift in Sources */ = {isa = PBXBuildFile; fileRef = EBB68D551DF7EED4003792B3 /* UserDefaultsSingleton.swift */; };
		EBB68D581DFC386E003792B3 /* SignupMoreInfoViewController1.swift in Sources */ = {isa = PBXBuildFile; fileRef = EBB68D571DFC386E003792B3 /* SignupMoreInfoViewController1.swift */; };
		EBB68D5A1DFC3A2D003792B3 /* TypeExtensions.swift in Sources */ = {isa = PBXBuildFile; fileRef = EBB68D591DFC3A2D003792B3 /* TypeExtensions.swift */; };
		EBB68D5C1DFD31E3003792B3 /* SignupMoreInfoViewController2.swift in Sources */ = {isa = PBXBuildFile; fileRef = EBB68D5B1DFD31E3003792B3 /* SignupMoreInfoViewController2.swift */; };
		EBB68D5E1DFD7CB3003792B3 /* SignupMoreInfoViewController3.swift in Sources */ = {isa = PBXBuildFile; fileRef = EBB68D5D1DFD7CB3003792B3 /* SignupMoreInfoViewController3.swift */; };
		EBB68D601DFDA00C003792B3 /* ProfileRestAPIClass.swift in Sources */ = {isa = PBXBuildFile; fileRef = EBB68D5F1DFDA00C003792B3 /* ProfileRestAPIClass.swift */; };
		EBB68D621DFE891A003792B3 /* ForgotPasswordViewController.swift in Sources */ = {isa = PBXBuildFile; fileRef = EBB68D611DFE891A003792B3 /* ForgotPasswordViewController.swift */; };
		EBB68D641DFE9F7B003792B3 /* ResetPasswordViewController.swift in Sources */ = {isa = PBXBuildFile; fileRef = EBB68D631DFE9F7B003792B3 /* ResetPasswordViewController.swift */; };
		EBB68D661DFEE414003792B3 /* AlertClass.swift in Sources */ = {isa = PBXBuildFile; fileRef = EBB68D651DFEE414003792B3 /* AlertClass.swift */; };
		EBB932921E22627D00D14800 /* BasketCheckoutTableViewController.swift in Sources */ = {isa = PBXBuildFile; fileRef = EBB932911E22627D00D14800 /* BasketCheckoutTableViewController.swift */; };
		EBFF8AA91DD4BF010002D03C /* EntranceCreateTableViewCell.swift in Sources */ = {isa = PBXBuildFile; fileRef = EBFF8AA81DD4BF010002D03C /* EntranceCreateTableViewCell.swift */; };
		EBFF8AAB1DD4C98C0002D03C /* EntranceUpdateTableViewCell.swift in Sources */ = {isa = PBXBuildFile; fileRef = EBFF8AAA1DD4C98C0002D03C /* EntranceUpdateTableViewCell.swift */; };
/* End PBXBuildFile section */

/* Begin PBXCopyFilesBuildPhase section */
		EBFF8AB21DD4D3230002D03C /* Embed Frameworks */ = {
			isa = PBXCopyFilesBuildPhase;
			buildActionMask = 2147483647;
			dstPath = "";
			dstSubfolderSpec = 10;
			files = (
				EB61CF071E2507500047B942 /* RealmSwift.framework in Embed Frameworks */,
				EB61CF051E2507500047B942 /* Realm.framework in Embed Frameworks */,
			);
			name = "Embed Frameworks";
			runOnlyForDeploymentPostprocessing = 0;
		};
/* End PBXCopyFilesBuildPhase section */

/* Begin PBXFileReference section */
		47E1AA76DD316D6B5BF951B7 /* Pods-Concough.release.xcconfig */ = {isa = PBXFileReference; includeInIndex = 1; lastKnownFileType = text.xcconfig; name = "Pods-Concough.release.xcconfig"; path = "Pods/Target Support Files/Pods-Concough/Pods-Concough.release.xcconfig"; sourceTree = "<group>"; };
		6457DCA706C5468BE9479E6F /* Pods_Concough.framework */ = {isa = PBXFileReference; explicitFileType = wrapper.framework; includeInIndex = 0; path = Pods_Concough.framework; sourceTree = BUILT_PRODUCTS_DIR; };
		7C4790EBB0F86DF94D790C1F /* Pods-Concough.debug.xcconfig */ = {isa = PBXFileReference; includeInIndex = 1; lastKnownFileType = text.xcconfig; name = "Pods-Concough.debug.xcconfig"; path = "Pods/Target Support Files/Pods-Concough/Pods-Concough.debug.xcconfig"; sourceTree = "<group>"; };
		B82887E22296AB852B639160 /* Pods_Concough.framework */ = {isa = PBXFileReference; explicitFileType = wrapper.framework; includeInIndex = 0; path = Pods_Concough.framework; sourceTree = BUILT_PRODUCTS_DIR; };
		EB114CD51E24B2B500D833D1 /* EDPurchasedSectionTableViewCell.swift */ = {isa = PBXFileReference; fileEncoding = 4; lastKnownFileType = sourcecode.swift; path = EDPurchasedSectionTableViewCell.swift; sourceTree = "<group>"; };
		EB1AA8DA1DD332B500F0CED9 /* HomeTableViewController.swift */ = {isa = PBXFileReference; fileEncoding = 4; lastKnownFileType = sourcecode.swift; path = HomeTableViewController.swift; sourceTree = "<group>"; };
		EB1AA8DD1DD386CA00F0CED9 /* EntranceActivity.swift */ = {isa = PBXFileReference; fileEncoding = 4; lastKnownFileType = sourcecode.swift; path = EntranceActivity.swift; sourceTree = "<group>"; };
		EB3127CF1E229B3D00F7F0AD /* BasketEntranceTableViewCell.swift */ = {isa = PBXFileReference; fileEncoding = 4; lastKnownFileType = sourcecode.swift; path = BasketEntranceTableViewCell.swift; sourceTree = "<group>"; };
		EB3127D11E23F87F00F7F0AD /* EntrancePurchasedStructure.swift */ = {isa = PBXFileReference; fileEncoding = 4; lastKnownFileType = sourcecode.swift; path = EntrancePurchasedStructure.swift; sourceTree = "<group>"; };
		EB61CF001E2501B10047B942 /* PurchasedModel.swift */ = {isa = PBXFileReference; fileEncoding = 4; lastKnownFileType = sourcecode.swift; path = PurchasedModel.swift; sourceTree = "<group>"; };
		EB61CF021E2507500047B942 /* Realm.framework */ = {isa = PBXFileReference; lastKnownFileType = wrapper.framework; path = Realm.framework; sourceTree = "<group>"; };
		EB61CF031E2507500047B942 /* RealmSwift.framework */ = {isa = PBXFileReference; lastKnownFileType = wrapper.framework; path = RealmSwift.framework; sourceTree = "<group>"; };
		EB61CF081E250AAF0047B942 /* EntranceModel.swift */ = {isa = PBXFileReference; fileEncoding = 4; lastKnownFileType = sourcecode.swift; path = EntranceModel.swift; sourceTree = "<group>"; };
		EB61CF0A1E250E880047B942 /* RealmSingleton.swift */ = {isa = PBXFileReference; fileEncoding = 4; lastKnownFileType = sourcecode.swift; path = RealmSingleton.swift; sourceTree = "<group>"; };
		EB61CF0D1E2514EA0047B942 /* PurchasedModelHandler.swift */ = {isa = PBXFileReference; fileEncoding = 4; lastKnownFileType = sourcecode.swift; path = PurchasedModelHandler.swift; sourceTree = "<group>"; };
		EB61CF0F1E251C5E0047B942 /* EntranceModelHandler.swift */ = {isa = PBXFileReference; fileEncoding = 4; lastKnownFileType = sourcecode.swift; path = EntranceModelHandler.swift; sourceTree = "<group>"; };
		EB61CF111E2551FB0047B942 /* EDDownloadedTableViewCell.swift */ = {isa = PBXFileReference; fileEncoding = 4; lastKnownFileType = sourcecode.swift; path = EDDownloadedTableViewCell.swift; sourceTree = "<group>"; };
		EB61CF151E2678530047B942 /* EntranceBookletModel.swift */ = {isa = PBXFileReference; fileEncoding = 4; lastKnownFileType = sourcecode.swift; path = EntranceBookletModel.swift; sourceTree = "<group>"; };
		EB61CF171E267B160047B942 /* EntranceLessonModel.swift */ = {isa = PBXFileReference; fileEncoding = 4; lastKnownFileType = sourcecode.swift; path = EntranceLessonModel.swift; sourceTree = "<group>"; };
		EB61CF191E267D5E0047B942 /* EntranceQuestionModel.swift */ = {isa = PBXFileReference; fileEncoding = 4; lastKnownFileType = sourcecode.swift; path = EntranceQuestionModel.swift; sourceTree = "<group>"; };
		EB61CF1B1E267F160047B942 /* EntranceBookletModelHandler.swift */ = {isa = PBXFileReference; fileEncoding = 4; lastKnownFileType = sourcecode.swift; path = EntranceBookletModelHandler.swift; sourceTree = "<group>"; };
		EB61CF1D1E2681C90047B942 /* EntranceLessonModelHandler.swift */ = {isa = PBXFileReference; fileEncoding = 4; lastKnownFileType = sourcecode.swift; path = EntranceLessonModelHandler.swift; sourceTree = "<group>"; };
		EB61CF1F1E26830E0047B942 /* EntranceQuestionModelHandler.swift */ = {isa = PBXFileReference; fileEncoding = 4; lastKnownFileType = sourcecode.swift; path = EntranceQuestionModelHandler.swift; sourceTree = "<group>"; };
		EB61CF211E2686980047B942 /* EntrancePackageHandler.swift */ = {isa = PBXFileReference; fileEncoding = 4; lastKnownFileType = sourcecode.swift; path = EntrancePackageHandler.swift; sourceTree = "<group>"; };
		EB61CF241E26983D0047B942 /* EntrancePackageDownloader.swift */ = {isa = PBXFileReference; fileEncoding = 4; lastKnownFileType = sourcecode.swift; path = EntrancePackageDownloader.swift; sourceTree = "<group>"; };
		EB762F501DCF99D10084CA1D /* Concough.app */ = {isa = PBXFileReference; explicitFileType = wrapper.application; includeInIndex = 0; path = Concough.app; sourceTree = BUILT_PRODUCTS_DIR; };
		EB762F531DCF99D10084CA1D /* AppDelegate.swift */ = {isa = PBXFileReference; lastKnownFileType = sourcecode.swift; path = AppDelegate.swift; sourceTree = "<group>"; };
		EB762F581DCF99D10084CA1D /* Base */ = {isa = PBXFileReference; lastKnownFileType = file.storyboard; name = Base; path = Base.lproj/Main.storyboard; sourceTree = "<group>"; };
		EB762F5A1DCF99D10084CA1D /* Assets.xcassets */ = {isa = PBXFileReference; lastKnownFileType = folder.assetcatalog; path = Assets.xcassets; sourceTree = "<group>"; };
		EB762F5D1DCF99D10084CA1D /* Base */ = {isa = PBXFileReference; lastKnownFileType = file.storyboard; name = Base; path = Base.lproj/LaunchScreen.storyboard; sourceTree = "<group>"; };
		EB762F5F1DCF99D10084CA1D /* Info.plist */ = {isa = PBXFileReference; lastKnownFileType = text.plist.xml; path = Info.plist; sourceTree = "<group>"; };
		EB762F661DCF9A430084CA1D /* AppSettings.plist */ = {isa = PBXFileReference; fileEncoding = 4; lastKnownFileType = text.plist.xml; path = AppSettings.plist; sourceTree = "<group>"; };
		EB95BB811DD3214B0040CA48 /* SwiftyJSON.framework */ = {isa = PBXFileReference; lastKnownFileType = wrapper.framework; name = SwiftyJSON.framework; path = "Pods/../build/Debug-iphoneos/SwiftyJSON/SwiftyJSON.framework"; sourceTree = "<group>"; };
		EBA657871E07E3FE00F0DC84 /* JwtAdapter.swift */ = {isa = PBXFileReference; fileEncoding = 4; lastKnownFileType = sourcecode.swift; path = JwtAdapter.swift; sourceTree = "<group>"; };
		EBA657891E08033E00F0DC84 /* NetworkStatusType.swift */ = {isa = PBXFileReference; fileEncoding = 4; lastKnownFileType = sourcecode.swift; path = NetworkStatusType.swift; sourceTree = "<group>"; };
		EBA6578B1E09189200F0DC84 /* JwtHandler.swift */ = {isa = PBXFileReference; fileEncoding = 4; lastKnownFileType = sourcecode.swift; path = JwtHandler.swift; sourceTree = "<group>"; };
		EBA6578F1E09500E00F0DC84 /* EntranceDetailTableViewController.swift */ = {isa = PBXFileReference; fileEncoding = 4; lastKnownFileType = sourcecode.swift; path = EntranceDetailTableViewController.swift; sourceTree = "<group>"; };
		EBA657911E09506D00F0DC84 /* EDInitialSectionTableViewCell.swift */ = {isa = PBXFileReference; fileEncoding = 4; lastKnownFileType = sourcecode.swift; path = EDInitialSectionTableViewCell.swift; sourceTree = "<group>"; };
		EBA657931E095C4E00F0DC84 /* GrayPanelUI.swift */ = {isa = PBXFileReference; fileEncoding = 4; lastKnownFileType = sourcecode.swift; path = GrayPanelUI.swift; sourceTree = "<group>"; };
		EBA657971E09830F00F0DC84 /* EDHeaderSectionTableViewCell.swift */ = {isa = PBXFileReference; fileEncoding = 4; lastKnownFileType = sourcecode.swift; path = EDHeaderSectionTableViewCell.swift; sourceTree = "<group>"; };
		EBA657991E0984F700F0DC84 /* EDInformationSectionTableViewCell.swift */ = {isa = PBXFileReference; fileEncoding = 4; lastKnownFileType = sourcecode.swift; path = EDInformationSectionTableViewCell.swift; sourceTree = "<group>"; };
		EBA6579B1E0AAE5700F0DC84 /* ArchiveTableViewController.swift */ = {isa = PBXFileReference; fileEncoding = 4; lastKnownFileType = sourcecode.swift; path = ArchiveTableViewController.swift; sourceTree = "<group>"; };
		EBA6579D1E0AC06500F0DC84 /* ArchiveRestAPIClass.swift */ = {isa = PBXFileReference; fileEncoding = 4; lastKnownFileType = sourcecode.swift; path = ArchiveRestAPIClass.swift; sourceTree = "<group>"; };
		EBA6579F1E0FC1CB00F0DC84 /* ArchiveBasicTableViewCell.swift */ = {isa = PBXFileReference; fileEncoding = 4; lastKnownFileType = sourcecode.swift; path = ArchiveBasicTableViewCell.swift; sourceTree = "<group>"; };
		EBA657A11E0FC73F00F0DC84 /* ArchiveEsetStructure.swift */ = {isa = PBXFileReference; fileEncoding = 4; lastKnownFileType = sourcecode.swift; path = ArchiveEsetStructure.swift; sourceTree = "<group>"; };
		EBA657A31E0FE7A400F0DC84 /* ArchiveAdvanceTableViewCell.swift */ = {isa = PBXFileReference; fileEncoding = 4; lastKnownFileType = sourcecode.swift; path = ArchiveAdvanceTableViewCell.swift; sourceTree = "<group>"; };
		EBA657A51E111A7D00F0DC84 /* ArchiveDetailTableViewController.swift */ = {isa = PBXFileReference; fileEncoding = 4; lastKnownFileType = sourcecode.swift; path = ArchiveDetailTableViewController.swift; sourceTree = "<group>"; };
		EBA657A71E111BAF00F0DC84 /* ArchiveEsetDetailStructure.swift */ = {isa = PBXFileReference; fileEncoding = 4; lastKnownFileType = sourcecode.swift; path = ArchiveEsetDetailStructure.swift; sourceTree = "<group>"; };
		EBA657A91E1133B700F0DC84 /* AEDHeaderTableViewCell.swift */ = {isa = PBXFileReference; fileEncoding = 4; lastKnownFileType = sourcecode.swift; path = AEDHeaderTableViewCell.swift; sourceTree = "<group>"; };
		EBA657AB1E11389200F0DC84 /* ArchiveEntranceStructure.swift */ = {isa = PBXFileReference; fileEncoding = 4; lastKnownFileType = sourcecode.swift; path = ArchiveEntranceStructure.swift; sourceTree = "<group>"; };
		EBA657AD1E114DF600F0DC84 /* AEDBasicTableViewCell.swift */ = {isa = PBXFileReference; fileEncoding = 4; lastKnownFileType = sourcecode.swift; path = AEDBasicTableViewCell.swift; sourceTree = "<group>"; };
		EBA657AF1E143EF300F0DC84 /* WhitePanelUI2.swift */ = {isa = PBXFileReference; fileEncoding = 4; lastKnownFileType = sourcecode.swift; path = WhitePanelUI2.swift; sourceTree = "<group>"; };
		EBA657B11E14DA0900F0DC84 /* AEDAdvanceTableViewCell.swift */ = {isa = PBXFileReference; fileEncoding = 4; lastKnownFileType = sourcecode.swift; path = AEDAdvanceTableViewCell.swift; sourceTree = "<group>"; };
		EBA657CC1E1A909F00F0DC84 /* EntranceRestAPIClass.swift */ = {isa = PBXFileReference; fileEncoding = 4; lastKnownFileType = sourcecode.swift; path = EntranceRestAPIClass.swift; sourceTree = "<group>"; };
		EBA657CE1E1B787000F0DC84 /* EntranceVCStateEnum.swift */ = {isa = PBXFileReference; fileEncoding = 4; lastKnownFileType = sourcecode.swift; path = EntranceVCStateEnum.swift; sourceTree = "<group>"; };
		EBA657D01E1B79E000F0DC84 /* EntranceStructure.swift */ = {isa = PBXFileReference; fileEncoding = 4; lastKnownFileType = sourcecode.swift; path = EntranceStructure.swift; sourceTree = "<group>"; };
		EBA657D21E1B96A300F0DC84 /* PurchasedRestAPIClass.swift */ = {isa = PBXFileReference; fileEncoding = 4; lastKnownFileType = sourcecode.swift; path = PurchasedRestAPIClass.swift; sourceTree = "<group>"; };
		EBA657D41E1BA40900F0DC84 /* ProductRestAPIClass.swift */ = {isa = PBXFileReference; fileEncoding = 4; lastKnownFileType = sourcecode.swift; path = ProductRestAPIClass.swift; sourceTree = "<group>"; };
		EBA657D61E1BB0E900F0DC84 /* EntranceStatStructure.swift */ = {isa = PBXFileReference; fileEncoding = 4; lastKnownFileType = sourcecode.swift; path = EntranceStatStructure.swift; sourceTree = "<group>"; };
		EBA657D81E1BB4A600F0DC84 /* EntranceSaleStructure.swift */ = {isa = PBXFileReference; fileEncoding = 4; lastKnownFileType = sourcecode.swift; path = EntranceSaleStructure.swift; sourceTree = "<group>"; };
		EBA657DA1E1BC2A100F0DC84 /* EDSaleSectionTableViewCell.swift */ = {isa = PBXFileReference; fileEncoding = 4; lastKnownFileType = sourcecode.swift; path = EDSaleSectionTableViewCell.swift; sourceTree = "<group>"; };
		EBA657DC1E1BF31700F0DC84 /* BasketSingleton.swift */ = {isa = PBXFileReference; fileEncoding = 4; lastKnownFileType = sourcecode.swift; path = BasketSingleton.swift; sourceTree = "<group>"; };
		EBA657E01E1CC59700F0DC84 /* BasketRestAPIClass.swift */ = {isa = PBXFileReference; fileEncoding = 4; lastKnownFileType = sourcecode.swift; path = BasketRestAPIClass.swift; sourceTree = "<group>"; };
		EBB68CFF1DE48022003792B3 /* Constants.swift */ = {isa = PBXFileReference; fileEncoding = 4; lastKnownFileType = sourcecode.swift; path = Constants.swift; sourceTree = "<group>"; };
		EBB68D041DE488D9003792B3 /* WhitePanelUI.swift */ = {isa = PBXFileReference; fileEncoding = 4; lastKnownFileType = sourcecode.swift; path = WhitePanelUI.swift; sourceTree = "<group>"; };
		EBB68D0B1DE585E5003792B3 /* IRANSansMobile_Bold.ttf */ = {isa = PBXFileReference; lastKnownFileType = file; path = IRANSansMobile_Bold.ttf; sourceTree = "<group>"; };
		EBB68D0C1DE585E5003792B3 /* IRANSansMobile_Light.ttf */ = {isa = PBXFileReference; lastKnownFileType = file; path = IRANSansMobile_Light.ttf; sourceTree = "<group>"; };
		EBB68D0D1DE585E5003792B3 /* IRANSansMobile_Medium.ttf */ = {isa = PBXFileReference; lastKnownFileType = file; path = IRANSansMobile_Medium.ttf; sourceTree = "<group>"; };
		EBB68D0E1DE585E5003792B3 /* IRANSansMobile_UltraLight.ttf */ = {isa = PBXFileReference; lastKnownFileType = file; path = IRANSansMobile_UltraLight.ttf; sourceTree = "<group>"; };
		EBB68D0F1DE585E5003792B3 /* IRANSansMobile.ttf */ = {isa = PBXFileReference; lastKnownFileType = file; path = IRANSansMobile.ttf; sourceTree = "<group>"; };
		EBB68D151DE5893B003792B3 /* IRANYekanMobileBold.ttf */ = {isa = PBXFileReference; lastKnownFileType = file; path = IRANYekanMobileBold.ttf; sourceTree = "<group>"; };
		EBB68D161DE5893B003792B3 /* IRANYekanMobileLight.ttf */ = {isa = PBXFileReference; lastKnownFileType = file; path = IRANYekanMobileLight.ttf; sourceTree = "<group>"; };
		EBB68D171DE5893B003792B3 /* IRANYekanMobileRegular.ttf */ = {isa = PBXFileReference; lastKnownFileType = file; path = IRANYekanMobileRegular.ttf; sourceTree = "<group>"; };
		EBB68D1E1DE5D7AA003792B3 /* MediaCacheSingleton.swift */ = {isa = PBXFileReference; fileEncoding = 4; lastKnownFileType = sourcecode.swift; path = MediaCacheSingleton.swift; sourceTree = "<group>"; };
		EBB68D201DE6CD01003792B3 /* UrlMakerSingleton.swift */ = {isa = PBXFileReference; fileEncoding = 4; lastKnownFileType = sourcecode.swift; path = UrlMakerSingleton.swift; sourceTree = "<group>"; };
		EBB68D231DE6D025003792B3 /* MediaRestAPIClass.swift */ = {isa = PBXFileReference; fileEncoding = 4; lastKnownFileType = sourcecode.swift; path = MediaRestAPIClass.swift; sourceTree = "<group>"; };
		EBB68D251DE6DB47003792B3 /* FormatterSingleton.swift */ = {isa = PBXFileReference; fileEncoding = 4; lastKnownFileType = sourcecode.swift; path = FormatterSingleton.swift; sourceTree = "<group>"; };
		EBB68D271DE6FFCC003792B3 /* DataRestAPIClass.swift */ = {isa = PBXFileReference; fileEncoding = 4; lastKnownFileType = sourcecode.swift; path = DataRestAPIClass.swift; sourceTree = "<group>"; };
		EBB68D291DE9C31E003792B3 /* TestViewController.swift */ = {isa = PBXFileReference; fileEncoding = 4; lastKnownFileType = sourcecode.swift; path = TestViewController.swift; sourceTree = "<group>"; };
		EBB68D2C1DE9DC8C003792B3 /* OAuthAdapter.swift */ = {isa = PBXFileReference; fileEncoding = 4; lastKnownFileType = sourcecode.swift; path = OAuthAdapter.swift; sourceTree = "<group>"; };
		EBB68D301DEAC7B6003792B3 /* TokenHandlerSingleton.swift */ = {isa = PBXFileReference; fileEncoding = 4; lastKnownFileType = sourcecode.swift; path = TokenHandlerSingleton.swift; sourceTree = "<group>"; };
		EBB68D331DEAD926003792B3 /* KeyChainAccessProxy.swift */ = {isa = PBXFileReference; fileEncoding = 4; lastKnownFileType = sourcecode.swift; path = KeyChainAccessProxy.swift; sourceTree = "<group>"; };
		EBB68D351DEBF3F0003792B3 /* StartupViewController.swift */ = {isa = PBXFileReference; fileEncoding = 4; lastKnownFileType = sourcecode.swift; path = StartupViewController.swift; sourceTree = "<group>"; };
		EBB68D371DEBFAA7003792B3 /* LoginViewController.swift */ = {isa = PBXFileReference; fileEncoding = 4; lastKnownFileType = sourcecode.swift; path = LoginViewController.swift; sourceTree = "<group>"; };
		EBB68D391DEC1015003792B3 /* SignUpViewController.swift */ = {isa = PBXFileReference; fileEncoding = 4; lastKnownFileType = sourcecode.swift; path = SignUpViewController.swift; sourceTree = "<group>"; };
		EBB68D3B1DED5473003792B3 /* Concough.entitlements */ = {isa = PBXFileReference; lastKnownFileType = text.plist.entitlements; path = Concough.entitlements; sourceTree = "<group>"; };
		EBB68D3E1DED6018003792B3 /* HttpStatusType.swift */ = {isa = PBXFileReference; fileEncoding = 4; lastKnownFileType = sourcecode.swift; path = HttpStatusType.swift; sourceTree = "<group>"; };
		EBB68D411DF31221003792B3 /* UIExtensions.swift */ = {isa = PBXFileReference; fileEncoding = 4; lastKnownFileType = sourcecode.swift; path = UIExtensions.swift; sourceTree = "<group>"; };
		EBB68D431DF312F6003792B3 /* ObjectiveCHelpers.swift */ = {isa = PBXFileReference; fileEncoding = 4; lastKnownFileType = sourcecode.swift; path = ObjectiveCHelpers.swift; sourceTree = "<group>"; };
		EBB68D451DF31A13003792B3 /* RequestRepositoryClass.swift */ = {isa = PBXFileReference; fileEncoding = 4; lastKnownFileType = sourcecode.swift; path = RequestRepositoryClass.swift; sourceTree = "<group>"; };
		EBB68D471DF3203C003792B3 /* CriticalSectionHelpers.swift */ = {isa = PBXFileReference; fileEncoding = 4; lastKnownFileType = sourcecode.swift; path = CriticalSectionHelpers.swift; sourceTree = "<group>"; };
		EBB68D491DF327EE003792B3 /* MediaRequestRepositorySingleton.swift */ = {isa = PBXFileReference; fileEncoding = 4; lastKnownFileType = sourcecode.swift; path = MediaRequestRepositorySingleton.swift; sourceTree = "<group>"; };
		EBB68D4B1DF40C04003792B3 /* ValidatorExtensions.swift */ = {isa = PBXFileReference; fileEncoding = 4; lastKnownFileType = sourcecode.swift; path = ValidatorExtensions.swift; sourceTree = "<group>"; };
		EBB68D4D1DF41EE7003792B3 /* AuthRestAPIClass.swift */ = {isa = PBXFileReference; fileEncoding = 4; lastKnownFileType = sourcecode.swift; path = AuthRestAPIClass.swift; sourceTree = "<group>"; };
		EBB68D4F1DF6CE02003792B3 /* SubmitSignupCodeViewController.swift */ = {isa = PBXFileReference; fileEncoding = 4; lastKnownFileType = sourcecode.swift; path = SubmitSignupCodeViewController.swift; sourceTree = "<group>"; };
		EBB68D511DF6E7CB003792B3 /* SignupStructure.swift */ = {isa = PBXFileReference; fileEncoding = 4; lastKnownFileType = sourcecode.swift; path = SignupStructure.swift; sourceTree = "<group>"; };
		EBB68D551DF7EED4003792B3 /* UserDefaultsSingleton.swift */ = {isa = PBXFileReference; fileEncoding = 4; lastKnownFileType = sourcecode.swift; path = UserDefaultsSingleton.swift; sourceTree = "<group>"; };
		EBB68D571DFC386E003792B3 /* SignupMoreInfoViewController1.swift */ = {isa = PBXFileReference; fileEncoding = 4; lastKnownFileType = sourcecode.swift; path = SignupMoreInfoViewController1.swift; sourceTree = "<group>"; };
		EBB68D591DFC3A2D003792B3 /* TypeExtensions.swift */ = {isa = PBXFileReference; fileEncoding = 4; lastKnownFileType = sourcecode.swift; path = TypeExtensions.swift; sourceTree = "<group>"; };
		EBB68D5B1DFD31E3003792B3 /* SignupMoreInfoViewController2.swift */ = {isa = PBXFileReference; fileEncoding = 4; lastKnownFileType = sourcecode.swift; path = SignupMoreInfoViewController2.swift; sourceTree = "<group>"; };
		EBB68D5D1DFD7CB3003792B3 /* SignupMoreInfoViewController3.swift */ = {isa = PBXFileReference; fileEncoding = 4; lastKnownFileType = sourcecode.swift; path = SignupMoreInfoViewController3.swift; sourceTree = "<group>"; };
		EBB68D5F1DFDA00C003792B3 /* ProfileRestAPIClass.swift */ = {isa = PBXFileReference; fileEncoding = 4; lastKnownFileType = sourcecode.swift; path = ProfileRestAPIClass.swift; sourceTree = "<group>"; };
		EBB68D611DFE891A003792B3 /* ForgotPasswordViewController.swift */ = {isa = PBXFileReference; fileEncoding = 4; lastKnownFileType = sourcecode.swift; path = ForgotPasswordViewController.swift; sourceTree = "<group>"; };
		EBB68D631DFE9F7B003792B3 /* ResetPasswordViewController.swift */ = {isa = PBXFileReference; fileEncoding = 4; lastKnownFileType = sourcecode.swift; path = ResetPasswordViewController.swift; sourceTree = "<group>"; };
		EBB68D651DFEE414003792B3 /* AlertClass.swift */ = {isa = PBXFileReference; fileEncoding = 4; lastKnownFileType = sourcecode.swift; path = AlertClass.swift; sourceTree = "<group>"; };
		EBB932911E22627D00D14800 /* BasketCheckoutTableViewController.swift */ = {isa = PBXFileReference; fileEncoding = 4; lastKnownFileType = sourcecode.swift; path = BasketCheckoutTableViewController.swift; sourceTree = "<group>"; };
		EBFF8AA81DD4BF010002D03C /* EntranceCreateTableViewCell.swift */ = {isa = PBXFileReference; fileEncoding = 4; lastKnownFileType = sourcecode.swift; path = EntranceCreateTableViewCell.swift; sourceTree = "<group>"; };
		EBFF8AAA1DD4C98C0002D03C /* EntranceUpdateTableViewCell.swift */ = {isa = PBXFileReference; fileEncoding = 4; lastKnownFileType = sourcecode.swift; path = EntranceUpdateTableViewCell.swift; sourceTree = "<group>"; };
/* End PBXFileReference section */

/* Begin PBXFrameworksBuildPhase section */
		EB762F4D1DCF99D10084CA1D /* Frameworks */ = {
			isa = PBXFrameworksBuildPhase;
			buildActionMask = 2147483647;
			files = (
				EB61CF041E2507500047B942 /* Realm.framework in Frameworks */,
				6A7F6794B7FD418602C5E907 /* Pods_Concough.framework in Frameworks */,
				EB61CF061E2507500047B942 /* RealmSwift.framework in Frameworks */,
				9A8F7E2493CF3ED28767E1B0 /* Pods_Concough.framework in Frameworks */,
			);
			runOnlyForDeploymentPostprocessing = 0;
		};
/* End PBXFrameworksBuildPhase section */

/* Begin PBXGroup section */
		5D64880020D554EEF0619C3D /* Frameworks */ = {
			isa = PBXGroup;
			children = (
				EB95BB811DD3214B0040CA48 /* SwiftyJSON.framework */,
				B82887E22296AB852B639160 /* Pods_Concough.framework */,
			);
			name = Frameworks;
			sourceTree = "<group>";
		};
		EB1AA8DC1DD3868E00F0CED9 /* Structures */ = {
			isa = PBXGroup;
			children = (
				EB1AA8DD1DD386CA00F0CED9 /* EntranceActivity.swift */,
				EBB68D3E1DED6018003792B3 /* HttpStatusType.swift */,
				EBB68D511DF6E7CB003792B3 /* SignupStructure.swift */,
				EBA657891E08033E00F0DC84 /* NetworkStatusType.swift */,
				EBA657A11E0FC73F00F0DC84 /* ArchiveEsetStructure.swift */,
				EBA657A71E111BAF00F0DC84 /* ArchiveEsetDetailStructure.swift */,
				EBA657AB1E11389200F0DC84 /* ArchiveEntranceStructure.swift */,
				EBA657CE1E1B787000F0DC84 /* EntranceVCStateEnum.swift */,
				EBA657D01E1B79E000F0DC84 /* EntranceStructure.swift */,
				EBA657D61E1BB0E900F0DC84 /* EntranceStatStructure.swift */,
				EBA657D81E1BB4A600F0DC84 /* EntranceSaleStructure.swift */,
				EB3127D11E23F87F00F7F0AD /* EntrancePurchasedStructure.swift */,
			);
			name = Structures;
			sourceTree = "<group>";
		};
		EB61CF0C1E25149A0047B942 /* Models */ = {
			isa = PBXGroup;
			children = (
				EB61CF0D1E2514EA0047B942 /* PurchasedModelHandler.swift */,
				EB61CF0F1E251C5E0047B942 /* EntranceModelHandler.swift */,
				EB61CF1B1E267F160047B942 /* EntranceBookletModelHandler.swift */,
				EB61CF1D1E2681C90047B942 /* EntranceLessonModelHandler.swift */,
				EB61CF1F1E26830E0047B942 /* EntranceQuestionModelHandler.swift */,
				EB61CF211E2686980047B942 /* EntrancePackageHandler.swift */,
			);
			name = Models;
			sourceTree = "<group>";
		};
		EB61CF231E2698070047B942 /* Downloader */ = {
			isa = PBXGroup;
			children = (
				EB61CF241E26983D0047B942 /* EntrancePackageDownloader.swift */,
			);
			name = Downloader;
			sourceTree = "<group>";
		};
		EB762F471DCF99D10084CA1D = {
			isa = PBXGroup;
			children = (
				EBFF8AB31DD4D3350002D03C /* Frameworks */,
				EB762F521DCF99D10084CA1D /* Concough */,
				EB762F511DCF99D10084CA1D /* Products */,
				F0D55B7D8C8F8D01DF3ECA64 /* Pods */,
				5D64880020D554EEF0619C3D /* Frameworks */,
			);
			sourceTree = "<group>";
		};
		EB762F511DCF99D10084CA1D /* Products */ = {
			isa = PBXGroup;
			children = (
				EB762F501DCF99D10084CA1D /* Concough.app */,
			);
			name = Products;
			sourceTree = "<group>";
		};
		EB762F521DCF99D10084CA1D /* Concough */ = {
			isa = PBXGroup;
			children = (
				EBB68D401DF31202003792B3 /* Extensions */,
				EBB68D3B1DED5473003792B3 /* Concough.entitlements */,
				EBB68CFE1DE47FB8003792B3 /* Models */,
				EBB68CFD1DE47FAD003792B3 /* Controllers */,
				EB762F681DCF9A580084CA1D /* Views */,
				EB762F691DCF9A8C0084CA1D /* Classes */,
				EB762F651DCF9A090084CA1D /* Settings */,
				EBB68D061DE57F23003792B3 /* Resources */,
				EB762F531DCF99D10084CA1D /* AppDelegate.swift */,
				EB762F5A1DCF99D10084CA1D /* Assets.xcassets */,
				EB762F571DCF99D10084CA1D /* Main.storyboard */,
				EB762F5C1DCF99D10084CA1D /* LaunchScreen.storyboard */,
			);
			path = Concough;
			sourceTree = "<group>";
		};
		EB762F651DCF9A090084CA1D /* Settings */ = {
			isa = PBXGroup;
			children = (
				EB762F5F1DCF99D10084CA1D /* Info.plist */,
				EB762F661DCF9A430084CA1D /* AppSettings.plist */,
				EBB68CFF1DE48022003792B3 /* Constants.swift */,
			);
			name = Settings;
			sourceTree = "<group>";
		};
		EB762F681DCF9A580084CA1D /* Views */ = {
			isa = PBXGroup;
			children = (
				EBB68D011DE48862003792B3 /* Customs */,
				EBFF8AA81DD4BF010002D03C /* EntranceCreateTableViewCell.swift */,
				EBFF8AAA1DD4C98C0002D03C /* EntranceUpdateTableViewCell.swift */,
				EBA657911E09506D00F0DC84 /* EDInitialSectionTableViewCell.swift */,
				EBA657971E09830F00F0DC84 /* EDHeaderSectionTableViewCell.swift */,
				EBA657991E0984F700F0DC84 /* EDInformationSectionTableViewCell.swift */,
				EBA6579F1E0FC1CB00F0DC84 /* ArchiveBasicTableViewCell.swift */,
				EBA657A31E0FE7A400F0DC84 /* ArchiveAdvanceTableViewCell.swift */,
				EBA657A91E1133B700F0DC84 /* AEDHeaderTableViewCell.swift */,
				EBA657AD1E114DF600F0DC84 /* AEDBasicTableViewCell.swift */,
				EBA657B11E14DA0900F0DC84 /* AEDAdvanceTableViewCell.swift */,
				EBA657DA1E1BC2A100F0DC84 /* EDSaleSectionTableViewCell.swift */,
				EB3127CF1E229B3D00F7F0AD /* BasketEntranceTableViewCell.swift */,
				EB114CD51E24B2B500D833D1 /* EDPurchasedSectionTableViewCell.swift */,
				EB61CF111E2551FB0047B942 /* EDDownloadedTableViewCell.swift */,
			);
			name = Views;
			sourceTree = "<group>";
		};
		EB762F691DCF9A8C0084CA1D /* Classes */ = {
			isa = PBXGroup;
			children = (
				EB61CF231E2698070047B942 /* Downloader */,
				EB61CF0C1E25149A0047B942 /* Models */,
				EBB68D321DEAD90C003792B3 /* Utils */,
				EBB68D2B1DE9DC6D003792B3 /* TokenService */,
				EBB68D221DE6D00B003792B3 /* Rest */,
				EBB68D1D1DE5D6B8003792B3 /* Singletons */,
				EB1AA8DC1DD3868E00F0CED9 /* Structures */,
				EBB68D451DF31A13003792B3 /* RequestRepositoryClass.swift */,
				EBB68D651DFEE414003792B3 /* AlertClass.swift */,
			);
			name = Classes;
			sourceTree = "<group>";
		};
		EBB68CFD1DE47FAD003792B3 /* Controllers */ = {
			isa = PBXGroup;
			children = (
				EB1AA8DA1DD332B500F0CED9 /* HomeTableViewController.swift */,
				EBB68D291DE9C31E003792B3 /* TestViewController.swift */,
				EBB68D351DEBF3F0003792B3 /* StartupViewController.swift */,
				EBB68D371DEBFAA7003792B3 /* LoginViewController.swift */,
				EBB68D391DEC1015003792B3 /* SignUpViewController.swift */,
				EBB68D4F1DF6CE02003792B3 /* SubmitSignupCodeViewController.swift */,
				EBB68D571DFC386E003792B3 /* SignupMoreInfoViewController1.swift */,
				EBB68D5B1DFD31E3003792B3 /* SignupMoreInfoViewController2.swift */,
				EBB68D5D1DFD7CB3003792B3 /* SignupMoreInfoViewController3.swift */,
				EBB68D611DFE891A003792B3 /* ForgotPasswordViewController.swift */,
				EBB68D631DFE9F7B003792B3 /* ResetPasswordViewController.swift */,
				EBA6578F1E09500E00F0DC84 /* EntranceDetailTableViewController.swift */,
				EBA6579B1E0AAE5700F0DC84 /* ArchiveTableViewController.swift */,
				EBA657A51E111A7D00F0DC84 /* ArchiveDetailTableViewController.swift */,
				EBB932911E22627D00D14800 /* BasketCheckoutTableViewController.swift */,
			);
			name = Controllers;
			sourceTree = "<group>";
		};
		EBB68CFE1DE47FB8003792B3 /* Models */ = {
			isa = PBXGroup;
			children = (
				EB61CF001E2501B10047B942 /* PurchasedModel.swift */,
				EB61CF081E250AAF0047B942 /* EntranceModel.swift */,
				EB61CF151E2678530047B942 /* EntranceBookletModel.swift */,
				EB61CF171E267B160047B942 /* EntranceLessonModel.swift */,
				EB61CF191E267D5E0047B942 /* EntranceQuestionModel.swift */,
			);
			name = Models;
			sourceTree = "<group>";
		};
		EBB68D011DE48862003792B3 /* Customs */ = {
			isa = PBXGroup;
			children = (
				EBB68D041DE488D9003792B3 /* WhitePanelUI.swift */,
				EBA657AF1E143EF300F0DC84 /* WhitePanelUI2.swift */,
				EBA657931E095C4E00F0DC84 /* GrayPanelUI.swift */,
			);
			name = Customs;
			sourceTree = "<group>";
		};
		EBB68D061DE57F23003792B3 /* Resources */ = {
			isa = PBXGroup;
			children = (
				EBB68D151DE5893B003792B3 /* IRANYekanMobileBold.ttf */,
				EBB68D161DE5893B003792B3 /* IRANYekanMobileLight.ttf */,
				EBB68D171DE5893B003792B3 /* IRANYekanMobileRegular.ttf */,
				EBB68D0B1DE585E5003792B3 /* IRANSansMobile_Bold.ttf */,
				EBB68D0C1DE585E5003792B3 /* IRANSansMobile_Light.ttf */,
				EBB68D0D1DE585E5003792B3 /* IRANSansMobile_Medium.ttf */,
				EBB68D0E1DE585E5003792B3 /* IRANSansMobile_UltraLight.ttf */,
				EBB68D0F1DE585E5003792B3 /* IRANSansMobile.ttf */,
			);
			name = Resources;
			sourceTree = "<group>";
		};
		EBB68D1D1DE5D6B8003792B3 /* Singletons */ = {
			isa = PBXGroup;
			children = (
				EBB68D1E1DE5D7AA003792B3 /* MediaCacheSingleton.swift */,
				EBB68D201DE6CD01003792B3 /* UrlMakerSingleton.swift */,
				EBB68D251DE6DB47003792B3 /* FormatterSingleton.swift */,
				EBB68D301DEAC7B6003792B3 /* TokenHandlerSingleton.swift */,
				EBB68D491DF327EE003792B3 /* MediaRequestRepositorySingleton.swift */,
				EBB68D551DF7EED4003792B3 /* UserDefaultsSingleton.swift */,
				EBA657DC1E1BF31700F0DC84 /* BasketSingleton.swift */,
				EB61CF0A1E250E880047B942 /* RealmSingleton.swift */,
			);
			name = Singletons;
			sourceTree = "<group>";
		};
		EBB68D221DE6D00B003792B3 /* Rest */ = {
			isa = PBXGroup;
			children = (
				EBB68D231DE6D025003792B3 /* MediaRestAPIClass.swift */,
				EBB68D271DE6FFCC003792B3 /* DataRestAPIClass.swift */,
				EBB68D4D1DF41EE7003792B3 /* AuthRestAPIClass.swift */,
				EBB68D5F1DFDA00C003792B3 /* ProfileRestAPIClass.swift */,
				EBA6579D1E0AC06500F0DC84 /* ArchiveRestAPIClass.swift */,
				EBA657CC1E1A909F00F0DC84 /* EntranceRestAPIClass.swift */,
				EBA657D21E1B96A300F0DC84 /* PurchasedRestAPIClass.swift */,
				EBA657D41E1BA40900F0DC84 /* ProductRestAPIClass.swift */,
				EBA657E01E1CC59700F0DC84 /* BasketRestAPIClass.swift */,
			);
			name = Rest;
			sourceTree = "<group>";
		};
		EBB68D2B1DE9DC6D003792B3 /* TokenService */ = {
			isa = PBXGroup;
			children = (
				EBB68D2C1DE9DC8C003792B3 /* OAuthAdapter.swift */,
				EBA657871E07E3FE00F0DC84 /* JwtAdapter.swift */,
			);
			name = TokenService;
			sourceTree = "<group>";
		};
		EBB68D321DEAD90C003792B3 /* Utils */ = {
			isa = PBXGroup;
			children = (
				EBB68D331DEAD926003792B3 /* KeyChainAccessProxy.swift */,
				EBB68D431DF312F6003792B3 /* ObjectiveCHelpers.swift */,
				EBB68D471DF3203C003792B3 /* CriticalSectionHelpers.swift */,
				EBA6578B1E09189200F0DC84 /* JwtHandler.swift */,
			);
			name = Utils;
			sourceTree = "<group>";
		};
		EBB68D401DF31202003792B3 /* Extensions */ = {
			isa = PBXGroup;
			children = (
				EBB68D411DF31221003792B3 /* UIExtensions.swift */,
				EBB68D4B1DF40C04003792B3 /* ValidatorExtensions.swift */,
				EBB68D591DFC3A2D003792B3 /* TypeExtensions.swift */,
			);
			name = Extensions;
			sourceTree = "<group>";
		};
		EBFF8AB31DD4D3350002D03C /* Frameworks */ = {
			isa = PBXGroup;
			children = (
				EB61CF021E2507500047B942 /* Realm.framework */,
				EB61CF031E2507500047B942 /* RealmSwift.framework */,
				6457DCA706C5468BE9479E6F /* Pods_Concough.framework */,
			);
			name = Frameworks;
			sourceTree = "<group>";
		};
		F0D55B7D8C8F8D01DF3ECA64 /* Pods */ = {
			isa = PBXGroup;
			children = (
				7C4790EBB0F86DF94D790C1F /* Pods-Concough.debug.xcconfig */,
				47E1AA76DD316D6B5BF951B7 /* Pods-Concough.release.xcconfig */,
			);
			name = Pods;
			sourceTree = "<group>";
		};
/* End PBXGroup section */

/* Begin PBXNativeTarget section */
		EB762F4F1DCF99D10084CA1D /* Concough */ = {
			isa = PBXNativeTarget;
			buildConfigurationList = EB762F621DCF99D10084CA1D /* Build configuration list for PBXNativeTarget "Concough" */;
			buildPhases = (
				47814383C6134908B3A434D1 /* [CP] Check Pods Manifest.lock */,
				EB762F4C1DCF99D10084CA1D /* Sources */,
				EB762F4D1DCF99D10084CA1D /* Frameworks */,
				EB762F4E1DCF99D10084CA1D /* Resources */,
				CF01AE0E140C70B6E794F846 /* [CP] Embed Pods Frameworks */,
				0E63680CD72298A81E9FA30F /* [CP] Copy Pods Resources */,
				EBFF8AB21DD4D3230002D03C /* Embed Frameworks */,
				EBFF8AB41DD4D3940002D03C /* Strip Framework Architecture */,
			);
			buildRules = (
			);
			dependencies = (
			);
			name = Concough;
			productName = Concough;
			productReference = EB762F501DCF99D10084CA1D /* Concough.app */;
			productType = "com.apple.product-type.application";
		};
/* End PBXNativeTarget section */

/* Begin PBXProject section */
		EB762F481DCF99D10084CA1D /* Project object */ = {
			isa = PBXProject;
			attributes = {
				LastSwiftUpdateCheck = 0720;
				LastUpgradeCheck = 0810;
				ORGANIZATIONNAME = Famba;
				TargetAttributes = {
					EB762F4F1DCF99D10084CA1D = {
						CreatedOnToolsVersion = 7.2;
						DevelopmentTeam = U2TCQ3KHF4;
						LastSwiftMigration = 0810;
						SystemCapabilities = {
							com.apple.Keychain = {
								enabled = 1;
							};
						};
					};
				};
			};
			buildConfigurationList = EB762F4B1DCF99D10084CA1D /* Build configuration list for PBXProject "Concough" */;
			compatibilityVersion = "Xcode 3.2";
			developmentRegion = English;
			hasScannedForEncodings = 0;
			knownRegions = (
				en,
				Base,
			);
			mainGroup = EB762F471DCF99D10084CA1D;
			productRefGroup = EB762F511DCF99D10084CA1D /* Products */;
			projectDirPath = "";
			projectRoot = "";
			targets = (
				EB762F4F1DCF99D10084CA1D /* Concough */,
			);
		};
/* End PBXProject section */

/* Begin PBXResourcesBuildPhase section */
		EB762F4E1DCF99D10084CA1D /* Resources */ = {
			isa = PBXResourcesBuildPhase;
			buildActionMask = 2147483647;
			files = (
				EBB68D111DE585E5003792B3 /* IRANSansMobile_Light.ttf in Resources */,
				EBB68D101DE585E5003792B3 /* IRANSansMobile_Bold.ttf in Resources */,
				EBB68D191DE5893B003792B3 /* IRANYekanMobileLight.ttf in Resources */,
				EBB68D181DE5893B003792B3 /* IRANYekanMobileBold.ttf in Resources */,
				EB762F5E1DCF99D10084CA1D /* LaunchScreen.storyboard in Resources */,
				EBB68D121DE585E5003792B3 /* IRANSansMobile_Medium.ttf in Resources */,
				EBB68D1A1DE5893B003792B3 /* IRANYekanMobileRegular.ttf in Resources */,
				EB762F671DCF9A430084CA1D /* AppSettings.plist in Resources */,
				EB762F5B1DCF99D10084CA1D /* Assets.xcassets in Resources */,
				EB762F591DCF99D10084CA1D /* Main.storyboard in Resources */,
				EBB68D131DE585E5003792B3 /* IRANSansMobile_UltraLight.ttf in Resources */,
				EBB68D141DE585E5003792B3 /* IRANSansMobile.ttf in Resources */,
			);
			runOnlyForDeploymentPostprocessing = 0;
		};
/* End PBXResourcesBuildPhase section */

/* Begin PBXShellScriptBuildPhase section */
		0E63680CD72298A81E9FA30F /* [CP] Copy Pods Resources */ = {
			isa = PBXShellScriptBuildPhase;
			buildActionMask = 2147483647;
			files = (
			);
			inputPaths = (
			);
			name = "[CP] Copy Pods Resources";
			outputPaths = (
			);
			runOnlyForDeploymentPostprocessing = 0;
			shellPath = /bin/sh;
			shellScript = "\"${SRCROOT}/Pods/Target Support Files/Pods-Concough/Pods-Concough-resources.sh\"\n";
			showEnvVarsInLog = 0;
		};
		47814383C6134908B3A434D1 /* [CP] Check Pods Manifest.lock */ = {
			isa = PBXShellScriptBuildPhase;
			buildActionMask = 2147483647;
			files = (
			);
			inputPaths = (
			);
			name = "[CP] Check Pods Manifest.lock";
			outputPaths = (
			);
			runOnlyForDeploymentPostprocessing = 0;
			shellPath = /bin/sh;
			shellScript = "diff \"${PODS_ROOT}/../Podfile.lock\" \"${PODS_ROOT}/Manifest.lock\" > /dev/null\nif [ $? != 0 ] ; then\n    # print error to STDERR\n    echo \"error: The sandbox is not in sync with the Podfile.lock. Run 'pod install' or update your CocoaPods installation.\" >&2\n    exit 1\nfi\n";
			showEnvVarsInLog = 0;
		};
		CF01AE0E140C70B6E794F846 /* [CP] Embed Pods Frameworks */ = {
			isa = PBXShellScriptBuildPhase;
			buildActionMask = 2147483647;
			files = (
			);
			inputPaths = (
			);
			name = "[CP] Embed Pods Frameworks";
			outputPaths = (
			);
			runOnlyForDeploymentPostprocessing = 0;
			shellPath = /bin/sh;
			shellScript = "\"${SRCROOT}/Pods/Target Support Files/Pods-Concough/Pods-Concough-frameworks.sh\"\n";
			showEnvVarsInLog = 0;
		};
		EBFF8AB41DD4D3940002D03C /* Strip Framework Architecture */ = {
			isa = PBXShellScriptBuildPhase;
			buildActionMask = 2147483647;
			files = (
			);
			inputPaths = (
			);
			name = "Strip Framework Architecture";
			outputPaths = (
			);
			runOnlyForDeploymentPostprocessing = 0;
			shellPath = /bin/sh;
			shellScript = "bash \"${BUILT_PRODUCTS_DIR}/${FRAMEWORKS_FOLDER_PATH}/Realm.framework/strip-frameworks.sh\"";
		};
/* End PBXShellScriptBuildPhase section */

/* Begin PBXSourcesBuildPhase section */
		EB762F4C1DCF99D10084CA1D /* Sources */ = {
			isa = PBXSourcesBuildPhase;
			buildActionMask = 2147483647;
			files = (
				EBB68D381DEBFAA7003792B3 /* LoginViewController.swift in Sources */,
				EB61CF221E2686980047B942 /* EntrancePackageHandler.swift in Sources */,
				EBA657A61E111A7D00F0DC84 /* ArchiveDetailTableViewController.swift in Sources */,
				EBA657941E095C4E00F0DC84 /* GrayPanelUI.swift in Sources */,
				EBB68D5C1DFD31E3003792B3 /* SignupMoreInfoViewController2.swift in Sources */,
				EB61CF011E2501B10047B942 /* PurchasedModel.swift in Sources */,
				EBB68D5A1DFC3A2D003792B3 /* TypeExtensions.swift in Sources */,
				EBB68D461DF31A13003792B3 /* RequestRepositoryClass.swift in Sources */,
				EBFF8AAB1DD4C98C0002D03C /* EntranceUpdateTableViewCell.swift in Sources */,
				EB3127D21E23F87F00F7F0AD /* EntrancePurchasedStructure.swift in Sources */,
				EB61CF181E267B160047B942 /* EntranceLessonModel.swift in Sources */,
				EBB68D1F1DE5D7AA003792B3 /* MediaCacheSingleton.swift in Sources */,
				EB61CF1A1E267D5E0047B942 /* EntranceQuestionModel.swift in Sources */,
				EB61CF0B1E250E880047B942 /* RealmSingleton.swift in Sources */,
				EBA657DD1E1BF31700F0DC84 /* BasketSingleton.swift in Sources */,
				EBB68D051DE488D9003792B3 /* WhitePanelUI.swift in Sources */,
				EBB68D4E1DF41EE7003792B3 /* AuthRestAPIClass.swift in Sources */,
				EB61CF1E1E2681C90047B942 /* EntranceLessonModelHandler.swift in Sources */,
				EBA657CD1E1A909F00F0DC84 /* EntranceRestAPIClass.swift in Sources */,
				EBA657B01E143EF300F0DC84 /* WhitePanelUI2.swift in Sources */,
				EBA657DB1E1BC2A100F0DC84 /* EDSaleSectionTableViewCell.swift in Sources */,
				EBB68D001DE48022003792B3 /* Constants.swift in Sources */,
				EBB68D641DFE9F7B003792B3 /* ResetPasswordViewController.swift in Sources */,
				EBB68D211DE6CD01003792B3 /* UrlMakerSingleton.swift in Sources */,
				EBB68D2A1DE9C31E003792B3 /* TestViewController.swift in Sources */,
				EBB68D561DF7EED4003792B3 /* UserDefaultsSingleton.swift in Sources */,
				EBB68D3A1DEC1015003792B3 /* SignUpViewController.swift in Sources */,
				EBB68D3F1DED6018003792B3 /* HttpStatusType.swift in Sources */,
				EBA657D71E1BB0E900F0DC84 /* EntranceStatStructure.swift in Sources */,
				EBB68D481DF3203C003792B3 /* CriticalSectionHelpers.swift in Sources */,
				EBA657921E09506D00F0DC84 /* EDInitialSectionTableViewCell.swift in Sources */,
				EBB68D261DE6DB47003792B3 /* FormatterSingleton.swift in Sources */,
				EB61CF091E250AAF0047B942 /* EntranceModel.swift in Sources */,
				EBB68D601DFDA00C003792B3 /* ProfileRestAPIClass.swift in Sources */,
				EBA6578A1E08033E00F0DC84 /* NetworkStatusType.swift in Sources */,
				EBA657A81E111BAF00F0DC84 /* ArchiveEsetDetailStructure.swift in Sources */,
				EBB68D581DFC386E003792B3 /* SignupMoreInfoViewController1.swift in Sources */,
				EBB68D361DEBF3F0003792B3 /* StartupViewController.swift in Sources */,
				EBA657E11E1CC59700F0DC84 /* BasketRestAPIClass.swift in Sources */,
				EB114CD61E24B2B500D833D1 /* EDPurchasedSectionTableViewCell.swift in Sources */,
				EBFF8AA91DD4BF010002D03C /* EntranceCreateTableViewCell.swift in Sources */,
				EBA657901E09500E00F0DC84 /* EntranceDetailTableViewController.swift in Sources */,
				EBB68D501DF6CE02003792B3 /* SubmitSignupCodeViewController.swift in Sources */,
				EB61CF1C1E267F160047B942 /* EntranceBookletModelHandler.swift in Sources */,
				EB61CF101E251C5E0047B942 /* EntranceModelHandler.swift in Sources */,
				EB1AA8DB1DD332B500F0CED9 /* HomeTableViewController.swift in Sources */,
				EB61CF121E2551FB0047B942 /* EDDownloadedTableViewCell.swift in Sources */,
				EBB68D5E1DFD7CB3003792B3 /* SignupMoreInfoViewController3.swift in Sources */,
				EBA657881E07E3FE00F0DC84 /* JwtAdapter.swift in Sources */,
				EBB68D441DF312F6003792B3 /* ObjectiveCHelpers.swift in Sources */,
				EBA657D51E1BA40900F0DC84 /* ProductRestAPIClass.swift in Sources */,
				EB61CF251E26983D0047B942 /* EntrancePackageDownloader.swift in Sources */,
				EBB68D4C1DF40C04003792B3 /* ValidatorExtensions.swift in Sources */,
				EBB68D4A1DF327EE003792B3 /* MediaRequestRepositorySingleton.swift in Sources */,
				EBA6579C1E0AAE5700F0DC84 /* ArchiveTableViewController.swift in Sources */,
				EBA657981E09830F00F0DC84 /* EDHeaderSectionTableViewCell.swift in Sources */,
				EBB68D311DEAC7B6003792B3 /* TokenHandlerSingleton.swift in Sources */,
				EBA657AE1E114DF600F0DC84 /* AEDBasicTableViewCell.swift in Sources */,
				EBB932921E22627D00D14800 /* BasketCheckoutTableViewController.swift in Sources */,
				EBA657B21E14DA0900F0DC84 /* AEDAdvanceTableViewCell.swift in Sources */,
				EBA657AC1E11389200F0DC84 /* ArchiveEntranceStructure.swift in Sources */,
				EBB68D2D1DE9DC8C003792B3 /* OAuthAdapter.swift in Sources */,
				EB3127D01E229B3D00F7F0AD /* BasketEntranceTableViewCell.swift in Sources */,
				EBA6579E1E0AC06500F0DC84 /* ArchiveRestAPIClass.swift in Sources */,
				EB61CF0E1E2514EA0047B942 /* PurchasedModelHandler.swift in Sources */,
				EBB68D421DF31221003792B3 /* UIExtensions.swift in Sources */,
				EBB68D241DE6D025003792B3 /* MediaRestAPIClass.swift in Sources */,
				EBA657AA1E1133B700F0DC84 /* AEDHeaderTableViewCell.swift in Sources */,
				EBB68D281DE6FFCC003792B3 /* DataRestAPIClass.swift in Sources */,
				EBB68D341DEAD926003792B3 /* KeyChainAccessProxy.swift in Sources */,
				EBA657D31E1B96A300F0DC84 /* PurchasedRestAPIClass.swift in Sources */,
				EBB68D621DFE891A003792B3 /* ForgotPasswordViewController.swift in Sources */,
				EBA6578C1E09189200F0DC84 /* JwtHandler.swift in Sources */,
				EBA657CF1E1B787000F0DC84 /* EntranceVCStateEnum.swift in Sources */,
				EBA657D91E1BB4A600F0DC84 /* EntranceSaleStructure.swift in Sources */,
				EBA657D11E1B79E000F0DC84 /* EntranceStructure.swift in Sources */,
				EBB68D521DF6E7CB003792B3 /* SignupStructure.swift in Sources */,
				EB1AA8DE1DD386CA00F0CED9 /* EntranceActivity.swift in Sources */,
				EB61CF201E26830E0047B942 /* EntranceQuestionModelHandler.swift in Sources */,
				EBA657A21E0FC73F00F0DC84 /* ArchiveEsetStructure.swift in Sources */,
				EBA6579A1E0984F700F0DC84 /* EDInformationSectionTableViewCell.swift in Sources */,
				EBA657A01E0FC1CB00F0DC84 /* ArchiveBasicTableViewCell.swift in Sources */,
				EB762F541DCF99D10084CA1D /* AppDelegate.swift in Sources */,
				EB61CF161E2678530047B942 /* EntranceBookletModel.swift in Sources */,
				EBB68D661DFEE414003792B3 /* AlertClass.swift in Sources */,
				EBA657A41E0FE7A400F0DC84 /* ArchiveAdvanceTableViewCell.swift in Sources */,
			);
			runOnlyForDeploymentPostprocessing = 0;
		};
/* End PBXSourcesBuildPhase section */

/* Begin PBXVariantGroup section */
		EB762F571DCF99D10084CA1D /* Main.storyboard */ = {
			isa = PBXVariantGroup;
			children = (
				EB762F581DCF99D10084CA1D /* Base */,
			);
			name = Main.storyboard;
			sourceTree = "<group>";
		};
		EB762F5C1DCF99D10084CA1D /* LaunchScreen.storyboard */ = {
			isa = PBXVariantGroup;
			children = (
				EB762F5D1DCF99D10084CA1D /* Base */,
			);
			name = LaunchScreen.storyboard;
			sourceTree = "<group>";
		};
/* End PBXVariantGroup section */

/* Begin XCBuildConfiguration section */
		EB762F601DCF99D10084CA1D /* Debug */ = {
			isa = XCBuildConfiguration;
			buildSettings = {
				ALWAYS_SEARCH_USER_PATHS = NO;
				CLANG_CXX_LANGUAGE_STANDARD = "gnu++0x";
				CLANG_CXX_LIBRARY = "libc++";
				CLANG_ENABLE_MODULES = YES;
				CLANG_ENABLE_OBJC_ARC = YES;
				CLANG_WARN_BOOL_CONVERSION = YES;
				CLANG_WARN_CONSTANT_CONVERSION = YES;
				CLANG_WARN_DIRECT_OBJC_ISA_USAGE = YES_ERROR;
				CLANG_WARN_EMPTY_BODY = YES;
				CLANG_WARN_ENUM_CONVERSION = YES;
				CLANG_WARN_INFINITE_RECURSION = YES;
				CLANG_WARN_INT_CONVERSION = YES;
				CLANG_WARN_OBJC_ROOT_CLASS = YES_ERROR;
				CLANG_WARN_SUSPICIOUS_MOVE = YES;
				CLANG_WARN_UNREACHABLE_CODE = YES;
				CLANG_WARN__DUPLICATE_METHOD_MATCH = YES;
				"CODE_SIGN_IDENTITY[sdk=iphoneos*]" = "iPhone Developer";
				COPY_PHASE_STRIP = NO;
				DEBUG_INFORMATION_FORMAT = dwarf;
				ENABLE_STRICT_OBJC_MSGSEND = YES;
				ENABLE_TESTABILITY = YES;
				GCC_C_LANGUAGE_STANDARD = gnu99;
				GCC_DYNAMIC_NO_PIC = NO;
				GCC_NO_COMMON_BLOCKS = YES;
				GCC_OPTIMIZATION_LEVEL = 0;
				GCC_PREPROCESSOR_DEFINITIONS = (
					"DEBUG=1",
					"$(inherited)",
				);
				GCC_WARN_64_TO_32_BIT_CONVERSION = YES;
				GCC_WARN_ABOUT_RETURN_TYPE = YES_ERROR;
				GCC_WARN_UNDECLARED_SELECTOR = YES;
				GCC_WARN_UNINITIALIZED_AUTOS = YES_AGGRESSIVE;
				GCC_WARN_UNUSED_FUNCTION = YES;
				GCC_WARN_UNUSED_VARIABLE = YES;
				IPHONEOS_DEPLOYMENT_TARGET = 9.2;
				MTL_ENABLE_DEBUG_INFO = YES;
				ONLY_ACTIVE_ARCH = YES;
				SDKROOT = iphoneos;
				SWIFT_OPTIMIZATION_LEVEL = "-Onone";
				SWIFT_VERSION = 2.3;
				TARGETED_DEVICE_FAMILY = "1,2";
			};
			name = Debug;
		};
		EB762F611DCF99D10084CA1D /* Release */ = {
			isa = XCBuildConfiguration;
			buildSettings = {
				ALWAYS_SEARCH_USER_PATHS = NO;
				CLANG_CXX_LANGUAGE_STANDARD = "gnu++0x";
				CLANG_CXX_LIBRARY = "libc++";
				CLANG_ENABLE_MODULES = YES;
				CLANG_ENABLE_OBJC_ARC = YES;
				CLANG_WARN_BOOL_CONVERSION = YES;
				CLANG_WARN_CONSTANT_CONVERSION = YES;
				CLANG_WARN_DIRECT_OBJC_ISA_USAGE = YES_ERROR;
				CLANG_WARN_EMPTY_BODY = YES;
				CLANG_WARN_ENUM_CONVERSION = YES;
				CLANG_WARN_INFINITE_RECURSION = YES;
				CLANG_WARN_INT_CONVERSION = YES;
				CLANG_WARN_OBJC_ROOT_CLASS = YES_ERROR;
				CLANG_WARN_SUSPICIOUS_MOVE = YES;
				CLANG_WARN_UNREACHABLE_CODE = YES;
				CLANG_WARN__DUPLICATE_METHOD_MATCH = YES;
				"CODE_SIGN_IDENTITY[sdk=iphoneos*]" = "iPhone Developer";
				COPY_PHASE_STRIP = NO;
				DEBUG_INFORMATION_FORMAT = "dwarf-with-dsym";
				ENABLE_NS_ASSERTIONS = NO;
				ENABLE_STRICT_OBJC_MSGSEND = YES;
				GCC_C_LANGUAGE_STANDARD = gnu99;
				GCC_NO_COMMON_BLOCKS = YES;
				GCC_WARN_64_TO_32_BIT_CONVERSION = YES;
				GCC_WARN_ABOUT_RETURN_TYPE = YES_ERROR;
				GCC_WARN_UNDECLARED_SELECTOR = YES;
				GCC_WARN_UNINITIALIZED_AUTOS = YES_AGGRESSIVE;
				GCC_WARN_UNUSED_FUNCTION = YES;
				GCC_WARN_UNUSED_VARIABLE = YES;
				IPHONEOS_DEPLOYMENT_TARGET = 9.2;
				MTL_ENABLE_DEBUG_INFO = NO;
				SDKROOT = iphoneos;
				SWIFT_OPTIMIZATION_LEVEL = "-Owholemodule";
				SWIFT_VERSION = 2.3;
				TARGETED_DEVICE_FAMILY = "1,2";
				VALIDATE_PRODUCT = YES;
			};
			name = Release;
		};
		EB762F631DCF99D10084CA1D /* Debug */ = {
			isa = XCBuildConfiguration;
			baseConfigurationReference = 7C4790EBB0F86DF94D790C1F /* Pods-Concough.debug.xcconfig */;
			buildSettings = {
				ALWAYS_EMBED_SWIFT_STANDARD_LIBRARIES = YES;
				ASSETCATALOG_COMPILER_APPICON_NAME = AppIcon;
				CODE_SIGN_ENTITLEMENTS = Concough/Concough.entitlements;
				FRAMEWORK_SEARCH_PATHS = (
					"$(inherited)",
					"$(PROJECT_DIR)/build/Debug-iphoneos/SwiftyJSON",
					"$(PROJECT_DIR)",
				);
				INFOPLIST_FILE = Concough/Info.plist;
				IPHONEOS_DEPLOYMENT_TARGET = 9.0;
				LD_RUNPATH_SEARCH_PATHS = "$(inherited) @executable_path/Frameworks";
				PRODUCT_BUNDLE_IDENTIFIER = com.famba.Concough;
				PRODUCT_NAME = "$(TARGET_NAME)";
				SWIFT_VERSION = 2.3;
			};
			name = Debug;
		};
		EB762F641DCF99D10084CA1D /* Release */ = {
			isa = XCBuildConfiguration;
			baseConfigurationReference = 47E1AA76DD316D6B5BF951B7 /* Pods-Concough.release.xcconfig */;
			buildSettings = {
				ALWAYS_EMBED_SWIFT_STANDARD_LIBRARIES = YES;
				ASSETCATALOG_COMPILER_APPICON_NAME = AppIcon;
				CODE_SIGN_ENTITLEMENTS = Concough/Concough.entitlements;
				FRAMEWORK_SEARCH_PATHS = (
					"$(inherited)",
					"$(PROJECT_DIR)/build/Debug-iphoneos/SwiftyJSON",
					"$(PROJECT_DIR)",
				);
				INFOPLIST_FILE = Concough/Info.plist;
				IPHONEOS_DEPLOYMENT_TARGET = 9.0;
				LD_RUNPATH_SEARCH_PATHS = "$(inherited) @executable_path/Frameworks";
				PRODUCT_BUNDLE_IDENTIFIER = com.famba.Concough;
				PRODUCT_NAME = "$(TARGET_NAME)";
				SWIFT_VERSION = 2.3;
			};
			name = Release;
		};
/* End XCBuildConfiguration section */

/* Begin XCConfigurationList section */
		EB762F4B1DCF99D10084CA1D /* Build configuration list for PBXProject "Concough" */ = {
			isa = XCConfigurationList;
			buildConfigurations = (
				EB762F601DCF99D10084CA1D /* Debug */,
				EB762F611DCF99D10084CA1D /* Release */,
			);
			defaultConfigurationIsVisible = 0;
			defaultConfigurationName = Release;
		};
		EB762F621DCF99D10084CA1D /* Build configuration list for PBXNativeTarget "Concough" */ = {
			isa = XCConfigurationList;
			buildConfigurations = (
				EB762F631DCF99D10084CA1D /* Debug */,
				EB762F641DCF99D10084CA1D /* Release */,
			);
			defaultConfigurationIsVisible = 0;
			defaultConfigurationName = Release;
		};
/* End XCConfigurationList section */
	};
	rootObject = EB762F481DCF99D10084CA1D /* Project object */;
}
